
Microsoft Visual Studio Solution File, Format Version 12.00
# Visual Studio Version 17
VisualStudioVersion = 17.0.31903.59
MinimumVisualStudioVersion = 10.0.40219.1
Project("{2150E333-8FDC-42A3-9474-1A3956D46DE8}") = "src", "src", "{827E0CD3-B72D-47B6-A68D-7590B98EB39B}"
EndProject
Project("{FAE04EC0-301F-11D3-BF4B-00C04F79EFBC}") = "AccessRequestHub.Domain", "src\AccessRequestHub.Domain\AccessRequestHub.Domain.csproj", "{C36928E1-A36D-4E3A-A8D7-C4F46AC4D446}"
EndProject
Project("{FAE04EC0-301F-11D3-BF4B-00C04F79EFBC}") = "AccessRequestHub.Application", "src\AccessRequestHub.Application\AccessRequestHub.Application.csproj", "{BE90B7A0-6373-4812-A50C-FED357AA922D}"
EndProject
Project("{FAE04EC0-301F-11D3-BF4B-00C04F79EFBC}") = "AccessRequestHub.Infrastructure", "src\AccessRequestHub.Infrastructure\AccessRequestHub.Infrastructure.csproj", "{367E5AED-DEB1-4B00-8F78-A4577307D40E}"
EndProject
Project("{FAE04EC0-301F-11D3-BF4B-00C04F79EFBC}") = "AccessRequestHub.Web", "src\AccessRequestHub.Web\AccessRequestHub.Web.csproj", "{E470276D-FE65-4159-BF18-AB170A594C8F}"
EndProject
Project("{2150E333-8FDC-42A3-9474-1A3956D46DE8}") = "tests", "tests", "{0AB3BF05-4346-4AA6-1389-037BE0695223}"
EndProject
Project("{FAE04EC0-301F-11D3-BF4B-00C04F79EFBC}") = "AccessRequestHub.Tests", "tests\AccessRequestHub.Tests\AccessRequestHub.Tests.csproj", "{DFC35FF1-0E84-41F6-BD92-8E8408F866F1}"
EndProject
Global
	GlobalSection(SolutionConfigurationPlatforms) = preSolution
		Debug|Any CPU = Debug|Any CPU
		Debug|x64 = Debug|x64
		Debug|x86 = Debug|x86
		Release|Any CPU = Release|Any CPU
		Release|x64 = Release|x64
		Release|x86 = Release|x86
	EndGlobalSection
	GlobalSection(ProjectConfigurationPlatforms) = postSolution
		{C36928E1-A36D-4E3A-A8D7-C4F46AC4D446}.Debug|Any CPU.ActiveCfg = Debug|Any CPU
		{C36928E1-A36D-4E3A-A8D7-C4F46AC4D446}.Debug|Any CPU.Build.0 = Debug|Any CPU
		{C36928E1-A36D-4E3A-A8D7-C4F46AC4D446}.Debug|x64.ActiveCfg = Debug|Any CPU
		{C36928E1-A36D-4E3A-A8D7-C4F46AC4D446}.Debug|x64.Build.0 = Debug|Any CPU
		{C36928E1-A36D-4E3A-A8D7-C4F46AC4D446}.Debug|x86.ActiveCfg = Debug|Any CPU
		{C36928E1-A36D-4E3A-A8D7-C4F46AC4D446}.Debug|x86.Build.0 = Debug|Any CPU
		{C36928E1-A36D-4E3A-A8D7-C4F46AC4D446}.Release|Any CPU.ActiveCfg = Release|Any CPU
		{C36928E1-A36D-4E3A-A8D7-C4F46AC4D446}.Release|Any CPU.Build.0 = Release|Any CPU
		{C36928E1-A36D-4E3A-A8D7-C4F46AC4D446}.Release|x64.ActiveCfg = Release|Any CPU
		{C36928E1-A36D-4E3A-A8D7-C4F46AC4D446}.Release|x64.Build.0 = Release|Any CPU
		{C36928E1-A36D-4E3A-A8D7-C4F46AC4D446}.Release|x86.ActiveCfg = Release|Any CPU
		{C36928E1-A36D-4E3A-A8D7-C4F46AC4D446}.Release|x86.Build.0 = Release|Any CPU
		{BE90B7A0-6373-4812-A50C-FED357AA922D}.Debug|Any CPU.ActiveCfg = Debug|Any CPU
		{BE90B7A0-6373-4812-A50C-FED357AA922D}.Debug|Any CPU.Build.0 = Debug|Any CPU
		{BE90B7A0-6373-4812-A50C-FED357AA922D}.Debug|x64.ActiveCfg = Debug|Any CPU
		{BE90B7A0-6373-4812-A50C-FED357AA922D}.Debug|x64.Build.0 = Debug|Any CPU
		{BE90B7A0-6373-4812-A50C-FED357AA922D}.Debug|x86.ActiveCfg = Debug|Any CPU
		{BE90B7A0-6373-4812-A50C-FED357AA922D}.Debug|x86.Build.0 = Debug|Any CPU
		{BE90B7A0-6373-4812-A50C-FED357AA922D}.Release|Any CPU.ActiveCfg = Release|Any CPU
		{BE90B7A0-6373-4812-A50C-FED357AA922D}.Release|Any CPU.Build.0 = Release|Any CPU
		{BE90B7A0-6373-4812-A50C-FED357AA922D}.Release|x64.ActiveCfg = Release|Any CPU
		{BE90B7A0-6373-4812-A50C-FED357AA922D}.Release|x64.Build.0 = Release|Any CPU
		{BE90B7A0-6373-4812-A50C-FED357AA922D}.Release|x86.ActiveCfg = Release|Any CPU
		{BE90B7A0-6373-4812-A50C-FED357AA922D}.Release|x86.Build.0 = Release|Any CPU
		{367E5AED-DEB1-4B00-8F78-A4577307D40E}.Debug|Any CPU.ActiveCfg = Debug|Any CPU
		{367E5AED-DEB1-4B00-8F78-A4577307D40E}.Debug|Any CPU.Build.0 = Debug|Any CPU
		{367E5AED-DEB1-4B00-8F78-A4577307D40E}.Debug|x64.ActiveCfg = Debug|Any CPU
		{367E5AED-DEB1-4B00-8F78-A4577307D40E}.Debug|x64.Build.0 = Debug|Any CPU
		{367E5AED-DEB1-4B00-8F78-A4577307D40E}.Debug|x86.ActiveCfg = Debug|Any CPU
		{367E5AED-DEB1-4B00-8F78-A4577307D40E}.Debug|x86.Build.0 = Debug|Any CPU
		{367E5AED-DEB1-4B00-8F78-A4577307D40E}.Release|Any CPU.ActiveCfg = Release|Any CPU
		{367E5AED-DEB1-4B00-8F78-A4577307D40E}.Release|Any CPU.Build.0 = Release|Any CPU
		{367E5AED-DEB1-4B00-8F78-A4577307D40E}.Release|x64.ActiveCfg = Release|Any CPU
		{367E5AED-DEB1-4B00-8F78-A4577307D40E}.Release|x64.Build.0 = Release|Any CPU
		{367E5AED-DEB1-4B00-8F78-A4577307D40E}.Release|x86.ActiveCfg = Release|Any CPU
		{367E5AED-DEB1-4B00-8F78-A4577307D40E}.Release|x86.Build.0 = Release|Any CPU
		{E470276D-FE65-4159-BF18-AB170A594C8F}.Debug|Any CPU.ActiveCfg = Debug|Any CPU
		{E470276D-FE65-4159-BF18-AB170A594C8F}.Debug|Any CPU.Build.0 = Debug|Any CPU
		{E470276D-FE65-4159-BF18-AB170A594C8F}.Debug|x64.ActiveCfg = Debug|Any CPU
		{E470276D-FE65-4159-BF18-AB170A594C8F}.Debug|x64.Build.0 = Debug|Any CPU
		{E470276D-FE65-4159-BF18-AB170A594C8F}.Debug|x86.ActiveCfg = Debug|Any CPU
		{E470276D-FE65-4159-BF18-AB170A594C8F}.Debug|x86.Build.0 = Debug|Any CPU
		{E470276D-FE65-4159-BF18-AB170A594C8F}.Release|Any CPU.ActiveCfg = Release|Any CPU
		{E470276D-FE65-4159-BF18-AB170A594C8F}.Release|Any CPU.Build.0 = Release|Any CPU
		{E470276D-FE65-4159-BF18-AB170A594C8F}.Release|x64.ActiveCfg = Release|Any CPU
		{E470276D-FE65-4159-BF18-AB170A594C8F}.Release|x64.Build.0 = Release|Any CPU
		{E470276D-FE65-4159-BF18-AB170A594C8F}.Release|x86.ActiveCfg = Release|Any CPU
		{E470276D-FE65-4159-BF18-AB170A594C8F}.Release|x86.Build.0 = Release|Any CPU
		{DFC35FF1-0E84-41F6-BD92-8E8408F866F1}.Debug|Any CPU.ActiveCfg = Debug|Any CPU
		{DFC35FF1-0E84-41F6-BD92-8E8408F866F1}.Debug|Any CPU.Build.0 = Debug|Any CPU
		{DFC35FF1-0E84-41F6-BD92-8E8408F866F1}.Debug|x64.ActiveCfg = Debug|Any CPU
		{DFC35FF1-0E84-41F6-BD92-8E8408F866F1}.Debug|x64.Build.0 = Debug|Any CPU
		{DFC35FF1-0E84-41F6-BD92-8E8408F866F1}.Debug|x86.ActiveCfg = Debug|Any CPU
		{DFC35FF1-0E84-41F6-BD92-8E8408F866F1}.Debug|x86.Build.0 = Debug|Any CPU
		{DFC35FF1-0E84-41F6-BD92-8E8408F866F1}.Release|Any CPU.ActiveCfg = Release|Any CPU
		{DFC35FF1-0E84-41F6-BD92-8E8408F866F1}.Release|Any CPU.Build.0 = Release|Any CPU
		{DFC35FF1-0E84-41F6-BD92-8E8408F866F1}.Release|x64.ActiveCfg = Release|Any CPU
		{DFC35FF1-0E84-41F6-BD92-8E8408F866F1}.Release|x64.Build.0 = Release|Any CPU
		{DFC35FF1-0E84-41F6-BD92-8E8408F866F1}.Release|x86.ActiveCfg = Release|Any CPU
		{DFC35FF1-0E84-41F6-BD92-8E8408F866F1}.Release|x86.Build.0 = Release|Any CPU
	EndGlobalSection
	GlobalSection(SolutionProperties) = preSolution
		HideSolutionNode = FALSE
	EndGlobalSection
	GlobalSection(NestedProjects) = preSolution
		{C36928E1-A36D-4E3A-A8D7-C4F46AC4D446} = {827E0CD3-B72D-47B6-A68D-7590B98EB39B}
		{BE90B7A0-6373-4812-A50C-FED357AA922D} = {827E0CD3-B72D-47B6-A68D-7590B98EB39B}
		{367E5AED-DEB1-4B00-8F78-A4577307D40E} = {827E0CD3-B72D-47B6-A68D-7590B98EB39B}
		{E470276D-FE65-4159-BF18-AB170A594C8F} = {827E0CD3-B72D-47B6-A68D-7590B98EB39B}
		{DFC35FF1-0E84-41F6-BD92-8E8408F866F1} = {0AB3BF05-4346-4AA6-1389-037BE0695223}
	EndGlobalSection
EndGlobal
